// !$*UTF8*$!
{
	archiveVersion = 1;
	classes = {
	};
	objectVersion = 56;
	objects = {

/* Begin PBXBuildFile section */
		C3103C9B2C7FD6A200E250AA /* WeatherAppApp.swift in Sources */ = {isa = PBXBuildFile; fileRef = C3103C9A2C7FD6A200E250AA /* WeatherAppApp.swift */; };
		C3103C9D2C7FD6A200E250AA /* ContentView.swift in Sources */ = {isa = PBXBuildFile; fileRef = C3103C9C2C7FD6A200E250AA /* ContentView.swift */; };
		C3103C9F2C7FD6A400E250AA /* Assets.xcassets in Resources */ = {isa = PBXBuildFile; fileRef = C3103C9E2C7FD6A400E250AA /* Assets.xcassets */; };
		C3103CA22C7FD6A400E250AA /* Preview Assets.xcassets in Resources */ = {isa = PBXBuildFile; fileRef = C3103CA12C7FD6A400E250AA /* Preview Assets.xcassets */; };
		C3103CAC2C7FD6A400E250AA /* WeatherAppTests.swift in Sources */ = {isa = PBXBuildFile; fileRef = C3103CAB2C7FD6A400E250AA /* WeatherAppTests.swift */; };
		C3103CB62C7FD6A400E250AA /* WeatherAppUITests.swift in Sources */ = {isa = PBXBuildFile; fileRef = C3103CB52C7FD6A400E250AA /* WeatherAppUITests.swift */; };
		C3103CB82C7FD6A400E250AA /* WeatherAppUITestsLaunchTests.swift in Sources */ = {isa = PBXBuildFile; fileRef = C3103CB72C7FD6A400E250AA /* WeatherAppUITestsLaunchTests.swift */; };
		C3103CC62C7FD7A200E250AA /* Weather.swift in Sources */ = {isa = PBXBuildFile; fileRef = C3103CC52C7FD7A200E250AA /* Weather.swift */; };
		C3103CC92C7FDB8B00E250AA /* HttpClient.swift in Sources */ = {isa = PBXBuildFile; fileRef = C3103CC82C7FDB8B00E250AA /* HttpClient.swift */; };
		C3103CCB2C7FDC6400E250AA /* HttpEndpoint.swift in Sources */ = {isa = PBXBuildFile; fileRef = C3103CCA2C7FDC6400E250AA /* HttpEndpoint.swift */; };
		C3103CCE2C7FDF1400E250AA /* WeatherService.swift in Sources */ = {isa = PBXBuildFile; fileRef = C3103CCD2C7FDF1400E250AA /* WeatherService.swift */; };
		C3103CD12C7FE36900E250AA /* WeatherViewModel.swift in Sources */ = {isa = PBXBuildFile; fileRef = C3103CD02C7FE36900E250AA /* WeatherViewModel.swift */; };
		C3103CD32C7FF1F000E250AA /* LocationManager.swift in Sources */ = {isa = PBXBuildFile; fileRef = C3103CD22C7FF1F000E250AA /* LocationManager.swift */; };
		C359AB632C80EAA800D54D19 /* LocationViewModel.swift in Sources */ = {isa = PBXBuildFile; fileRef = C359AB622C80EAA800D54D19 /* LocationViewModel.swift */; };
		C379C5692C80D1FF000737BA /* LocationViewController.swift in Sources */ = {isa = PBXBuildFile; fileRef = C379C5672C80D1FF000737BA /* LocationViewController.swift */; };
		C379C56A2C80D1FF000737BA /* LocationViewController.xib in Resources */ = {isa = PBXBuildFile; fileRef = C379C5682C80D1FF000737BA /* LocationViewController.xib */; };
		C379C56C2C80D884000737BA /* LocationViewModel.swift in Sources */ = {isa = PBXBuildFile; fileRef = C379C56B2C80D884000737BA /* LocationViewModel.swift */; };
/* End PBXBuildFile section */

/* Begin PBXContainerItemProxy section */
		C3103CA82C7FD6A400E250AA /* PBXContainerItemProxy */ = {
			isa = PBXContainerItemProxy;
			containerPortal = C3103C8F2C7FD6A200E250AA /* Project object */;
			proxyType = 1;
			remoteGlobalIDString = C3103C962C7FD6A200E250AA;
			remoteInfo = WeatherApp;
		};
		C3103CB22C7FD6A400E250AA /* PBXContainerItemProxy */ = {
			isa = PBXContainerItemProxy;
			containerPortal = C3103C8F2C7FD6A200E250AA /* Project object */;
			proxyType = 1;
			remoteGlobalIDString = C3103C962C7FD6A200E250AA;
			remoteInfo = WeatherApp;
		};
/* End PBXContainerItemProxy section */

/* Begin PBXFileReference section */
		C3103C972C7FD6A200E250AA /* WeatherApp.app */ = {isa = PBXFileReference; explicitFileType = wrapper.application; includeInIndex = 0; path = WeatherApp.app; sourceTree = BUILT_PRODUCTS_DIR; };
		C3103C9A2C7FD6A200E250AA /* WeatherAppApp.swift */ = {isa = PBXFileReference; lastKnownFileType = sourcecode.swift; path = WeatherAppApp.swift; sourceTree = "<group>"; };
		C3103C9C2C7FD6A200E250AA /* ContentView.swift */ = {isa = PBXFileReference; lastKnownFileType = sourcecode.swift; path = ContentView.swift; sourceTree = "<group>"; };
		C3103C9E2C7FD6A400E250AA /* Assets.xcassets */ = {isa = PBXFileReference; lastKnownFileType = folder.assetcatalog; path = Assets.xcassets; sourceTree = "<group>"; };
		C3103CA12C7FD6A400E250AA /* Preview Assets.xcassets */ = {isa = PBXFileReference; lastKnownFileType = folder.assetcatalog; path = "Preview Assets.xcassets"; sourceTree = "<group>"; };
		C3103CA72C7FD6A400E250AA /* WeatherAppTests.xctest */ = {isa = PBXFileReference; explicitFileType = wrapper.cfbundle; includeInIndex = 0; path = WeatherAppTests.xctest; sourceTree = BUILT_PRODUCTS_DIR; };
		C3103CAB2C7FD6A400E250AA /* WeatherAppTests.swift */ = {isa = PBXFileReference; lastKnownFileType = sourcecode.swift; path = WeatherAppTests.swift; sourceTree = "<group>"; };
		C3103CB12C7FD6A400E250AA /* WeatherAppUITests.xctest */ = {isa = PBXFileReference; explicitFileType = wrapper.cfbundle; includeInIndex = 0; path = WeatherAppUITests.xctest; sourceTree = BUILT_PRODUCTS_DIR; };
		C3103CB52C7FD6A400E250AA /* WeatherAppUITests.swift */ = {isa = PBXFileReference; lastKnownFileType = sourcecode.swift; path = WeatherAppUITests.swift; sourceTree = "<group>"; };
		C3103CB72C7FD6A400E250AA /* WeatherAppUITestsLaunchTests.swift */ = {isa = PBXFileReference; lastKnownFileType = sourcecode.swift; path = WeatherAppUITestsLaunchTests.swift; sourceTree = "<group>"; };
		C3103CC52C7FD7A200E250AA /* Weather.swift */ = {isa = PBXFileReference; lastKnownFileType = sourcecode.swift; path = Weather.swift; sourceTree = "<group>"; };
		C3103CC82C7FDB8B00E250AA /* HttpClient.swift */ = {isa = PBXFileReference; lastKnownFileType = sourcecode.swift; path = HttpClient.swift; sourceTree = "<group>"; };
		C3103CCA2C7FDC6400E250AA /* HttpEndpoint.swift */ = {isa = PBXFileReference; lastKnownFileType = sourcecode.swift; path = HttpEndpoint.swift; sourceTree = "<group>"; };
		C3103CCD2C7FDF1400E250AA /* WeatherService.swift */ = {isa = PBXFileReference; lastKnownFileType = sourcecode.swift; path = WeatherService.swift; sourceTree = "<group>"; };
		C3103CD02C7FE36900E250AA /* WeatherViewModel.swift */ = {isa = PBXFileReference; lastKnownFileType = sourcecode.swift; path = WeatherViewModel.swift; sourceTree = "<group>"; };
		C3103CD22C7FF1F000E250AA /* LocationManager.swift */ = {isa = PBXFileReference; lastKnownFileType = sourcecode.swift; path = LocationManager.swift; sourceTree = "<group>"; };
		C359AB622C80EAA800D54D19 /* LocationViewModel.swift */ = {isa = PBXFileReference; lastKnownFileType = sourcecode.swift; path = LocationViewModel.swift; sourceTree = "<group>"; };
		C379C5672C80D1FF000737BA /* LocationViewController.swift */ = {isa = PBXFileReference; lastKnownFileType = sourcecode.swift; path = LocationViewController.swift; sourceTree = "<group>"; };
		C379C5682C80D1FF000737BA /* LocationViewController.xib */ = {isa = PBXFileReference; lastKnownFileType = file.xib; path = LocationViewController.xib; sourceTree = "<group>"; };
		C379C56B2C80D884000737BA /* LocationViewModel.swift */ = {isa = PBXFileReference; lastKnownFileType = sourcecode.swift; path = LocationViewModel.swift; sourceTree = "<group>"; };
/* End PBXFileReference section */

/* Begin PBXFrameworksBuildPhase section */
		C3103C942C7FD6A200E250AA /* Frameworks */ = {
			isa = PBXFrameworksBuildPhase;
			buildActionMask = 2147483647;
			files = (
			);
			runOnlyForDeploymentPostprocessing = 0;
		};
		C3103CA42C7FD6A400E250AA /* Frameworks */ = {
			isa = PBXFrameworksBuildPhase;
			buildActionMask = 2147483647;
			files = (
			);
			runOnlyForDeploymentPostprocessing = 0;
		};
		C3103CAE2C7FD6A400E250AA /* Frameworks */ = {
			isa = PBXFrameworksBuildPhase;
			buildActionMask = 2147483647;
			files = (
			);
			runOnlyForDeploymentPostprocessing = 0;
		};
/* End PBXFrameworksBuildPhase section */

/* Begin PBXGroup section */
		C3103C8E2C7FD6A200E250AA = {
			isa = PBXGroup;
			children = (
				C3103C992C7FD6A200E250AA /* WeatherApp */,
				C3103CAA2C7FD6A400E250AA /* WeatherAppTests */,
				C3103CB42C7FD6A400E250AA /* WeatherAppUITests */,
				C3103C982C7FD6A200E250AA /* Products */,
			);
			sourceTree = "<group>";
		};
		C3103C982C7FD6A200E250AA /* Products */ = {
			isa = PBXGroup;
			children = (
				C3103C972C7FD6A200E250AA /* WeatherApp.app */,
				C3103CA72C7FD6A400E250AA /* WeatherAppTests.xctest */,
				C3103CB12C7FD6A400E250AA /* WeatherAppUITests.xctest */,
			);
			name = Products;
			sourceTree = "<group>";
		};
		C3103C992C7FD6A200E250AA /* WeatherApp */ = {
			isa = PBXGroup;
			children = (
				C379C5662C80D1BC000737BA /* UIKit */,
				C3103CCF2C7FE34E00E250AA /* ViewModels */,
				C3103CCC2C7FDCA000E250AA /* Services */,
				C3103CC72C7FDB1B00E250AA /* Networking */,
				C3103CC42C7FD78F00E250AA /* Models */,
				C3103C9A2C7FD6A200E250AA /* WeatherAppApp.swift */,
				C3103C9C2C7FD6A200E250AA /* ContentView.swift */,
				C3103C9E2C7FD6A400E250AA /* Assets.xcassets */,
				C3103CA02C7FD6A400E250AA /* Preview Content */,
			);
			path = WeatherApp;
			sourceTree = "<group>";
		};
		C3103CA02C7FD6A400E250AA /* Preview Content */ = {
			isa = PBXGroup;
			children = (
				C3103CA12C7FD6A400E250AA /* Preview Assets.xcassets */,
			);
			path = "Preview Content";
			sourceTree = "<group>";
		};
		C3103CAA2C7FD6A400E250AA /* WeatherAppTests */ = {
			isa = PBXGroup;
			children = (
				C3103CAB2C7FD6A400E250AA /* WeatherAppTests.swift */,
				C359AB622C80EAA800D54D19 /* LocationViewModel.swift */,
			);
			path = WeatherAppTests;
			sourceTree = "<group>";
		};
		C3103CB42C7FD6A400E250AA /* WeatherAppUITests */ = {
			isa = PBXGroup;
			children = (
				C3103CB52C7FD6A400E250AA /* WeatherAppUITests.swift */,
				C3103CB72C7FD6A400E250AA /* WeatherAppUITestsLaunchTests.swift */,
			);
			path = WeatherAppUITests;
			sourceTree = "<group>";
		};
		C3103CC42C7FD78F00E250AA /* Models */ = {
			isa = PBXGroup;
			children = (
				C3103CC52C7FD7A200E250AA /* Weather.swift */,
			);
			path = Models;
			sourceTree = "<group>";
		};
		C3103CC72C7FDB1B00E250AA /* Networking */ = {
			isa = PBXGroup;
			children = (
				C3103CC82C7FDB8B00E250AA /* HttpClient.swift */,
				C3103CCA2C7FDC6400E250AA /* HttpEndpoint.swift */,
			);
			path = Networking;
			sourceTree = "<group>";
		};
		C3103CCC2C7FDCA000E250AA /* Services */ = {
			isa = PBXGroup;
			children = (
				C3103CCD2C7FDF1400E250AA /* WeatherService.swift */,
			);
			name = Services;
			sourceTree = "<group>";
		};
		C3103CCF2C7FE34E00E250AA /* ViewModels */ = {
			isa = PBXGroup;
			children = (
				C3103CD02C7FE36900E250AA /* WeatherViewModel.swift */,
				C3103CD22C7FF1F000E250AA /* LocationManager.swift */,
			);
			path = ViewModels;
			sourceTree = "<group>";
		};
		C379C5662C80D1BC000737BA /* UIKit */ = {
			isa = PBXGroup;
			children = (
				C379C5672C80D1FF000737BA /* LocationViewController.swift */,
				C379C5682C80D1FF000737BA /* LocationViewController.xib */,
				C379C56B2C80D884000737BA /* LocationViewModel.swift */,
			);
			path = UIKit;
			sourceTree = "<group>";
		};
/* End PBXGroup section */

/* Begin PBXNativeTarget section */
		C3103C962C7FD6A200E250AA /* WeatherApp */ = {
			isa = PBXNativeTarget;
			buildConfigurationList = C3103CBB2C7FD6A400E250AA /* Build configuration list for PBXNativeTarget "WeatherApp" */;
			buildPhases = (
				C3103C932C7FD6A200E250AA /* Sources */,
				C3103C942C7FD6A200E250AA /* Frameworks */,
				C3103C952C7FD6A200E250AA /* Resources */,
			);
			buildRules = (
			);
			dependencies = (
			);
			name = WeatherApp;
			productName = WeatherApp;
			productReference = C3103C972C7FD6A200E250AA /* WeatherApp.app */;
			productType = "com.apple.product-type.application";
		};
		C3103CA62C7FD6A400E250AA /* WeatherAppTests */ = {
			isa = PBXNativeTarget;
			buildConfigurationList = C3103CBE2C7FD6A400E250AA /* Build configuration list for PBXNativeTarget "WeatherAppTests" */;
			buildPhases = (
				C3103CA32C7FD6A400E250AA /* Sources */,
				C3103CA42C7FD6A400E250AA /* Frameworks */,
				C3103CA52C7FD6A400E250AA /* Resources */,
			);
			buildRules = (
			);
			dependencies = (
				C3103CA92C7FD6A400E250AA /* PBXTargetDependency */,
			);
			name = WeatherAppTests;
			productName = WeatherAppTests;
			productReference = C3103CA72C7FD6A400E250AA /* WeatherAppTests.xctest */;
			productType = "com.apple.product-type.bundle.unit-test";
		};
		C3103CB02C7FD6A400E250AA /* WeatherAppUITests */ = {
			isa = PBXNativeTarget;
			buildConfigurationList = C3103CC12C7FD6A400E250AA /* Build configuration list for PBXNativeTarget "WeatherAppUITests" */;
			buildPhases = (
				C3103CAD2C7FD6A400E250AA /* Sources */,
				C3103CAE2C7FD6A400E250AA /* Frameworks */,
				C3103CAF2C7FD6A400E250AA /* Resources */,
			);
			buildRules = (
			);
			dependencies = (
				C3103CB32C7FD6A400E250AA /* PBXTargetDependency */,
			);
			name = WeatherAppUITests;
			productName = WeatherAppUITests;
			productReference = C3103CB12C7FD6A400E250AA /* WeatherAppUITests.xctest */;
			productType = "com.apple.product-type.bundle.ui-testing";
		};
/* End PBXNativeTarget section */

/* Begin PBXProject section */
		C3103C8F2C7FD6A200E250AA /* Project object */ = {
			isa = PBXProject;
			attributes = {
				BuildIndependentTargetsInParallel = 1;
				LastSwiftUpdateCheck = 1500;
				LastUpgradeCheck = 1500;
				TargetAttributes = {
					C3103C962C7FD6A200E250AA = {
						CreatedOnToolsVersion = 15.0;
					};
					C3103CA62C7FD6A400E250AA = {
						CreatedOnToolsVersion = 15.0;
						TestTargetID = C3103C962C7FD6A200E250AA;
					};
					C3103CB02C7FD6A400E250AA = {
						CreatedOnToolsVersion = 15.0;
						TestTargetID = C3103C962C7FD6A200E250AA;
					};
				};
			};
			buildConfigurationList = C3103C922C7FD6A200E250AA /* Build configuration list for PBXProject "WeatherApp" */;
			compatibilityVersion = "Xcode 14.0";
			developmentRegion = en;
			hasScannedForEncodings = 0;
			knownRegions = (
				en,
				Base,
			);
			mainGroup = C3103C8E2C7FD6A200E250AA;
			productRefGroup = C3103C982C7FD6A200E250AA /* Products */;
			projectDirPath = "";
			projectRoot = "";
			targets = (
				C3103C962C7FD6A200E250AA /* WeatherApp */,
				C3103CA62C7FD6A400E250AA /* WeatherAppTests */,
				C3103CB02C7FD6A400E250AA /* WeatherAppUITests */,
			);
		};
/* End PBXProject section */

/* Begin PBXResourcesBuildPhase section */
		C3103C952C7FD6A200E250AA /* Resources */ = {
			isa = PBXResourcesBuildPhase;
			buildActionMask = 2147483647;
			files = (
				C3103CA22C7FD6A400E250AA /* Preview Assets.xcassets in Resources */,
				C379C56A2C80D1FF000737BA /* LocationViewController.xib in Resources */,
				C3103C9F2C7FD6A400E250AA /* Assets.xcassets in Resources */,
			);
			runOnlyForDeploymentPostprocessing = 0;
		};
		C3103CA52C7FD6A400E250AA /* Resources */ = {
			isa = PBXResourcesBuildPhase;
			buildActionMask = 2147483647;
			files = (
			);
			runOnlyForDeploymentPostprocessing = 0;
		};
		C3103CAF2C7FD6A400E250AA /* Resources */ = {
			isa = PBXResourcesBuildPhase;
			buildActionMask = 2147483647;
			files = (
			);
			runOnlyForDeploymentPostprocessing = 0;
		};
/* End PBXResourcesBuildPhase section */

/* Begin PBXSourcesBuildPhase section */
		C3103C932C7FD6A200E250AA /* Sources */ = {
			isa = PBXSourcesBuildPhase;
			buildActionMask = 2147483647;
			files = (
				C3103C9D2C7FD6A200E250AA /* ContentView.swift in Sources */,
				C3103CCB2C7FDC6400E250AA /* HttpEndpoint.swift in Sources */,
				C3103CC62C7FD7A200E250AA /* Weather.swift in Sources */,
				C379C56C2C80D884000737BA /* LocationViewModel.swift in Sources */,
				C3103CD12C7FE36900E250AA /* WeatherViewModel.swift in Sources */,
				C3103CD32C7FF1F000E250AA /* LocationManager.swift in Sources */,
				C3103CC92C7FDB8B00E250AA /* HttpClient.swift in Sources */,
				C379C5692C80D1FF000737BA /* LocationViewController.swift in Sources */,
				C3103CCE2C7FDF1400E250AA /* WeatherService.swift in Sources */,
				C3103C9B2C7FD6A200E250AA /* WeatherAppApp.swift in Sources */,
			);
			runOnlyForDeploymentPostprocessing = 0;
		};
		C3103CA32C7FD6A400E250AA /* Sources */ = {
			isa = PBXSourcesBuildPhase;
			buildActionMask = 2147483647;
			files = (
				C3103CAC2C7FD6A400E250AA /* WeatherAppTests.swift in Sources */,
				C359AB632C80EAA800D54D19 /* LocationViewModel.swift in Sources */,
			);
			runOnlyForDeploymentPostprocessing = 0;
		};
		C3103CAD2C7FD6A400E250AA /* Sources */ = {
			isa = PBXSourcesBuildPhase;
			buildActionMask = 2147483647;
			files = (
				C3103CB62C7FD6A400E250AA /* WeatherAppUITests.swift in Sources */,
				C3103CB82C7FD6A400E250AA /* WeatherAppUITestsLaunchTests.swift in Sources */,
			);
			runOnlyForDeploymentPostprocessing = 0;
		};
/* End PBXSourcesBuildPhase section */

/* Begin PBXTargetDependency section */
		C3103CA92C7FD6A400E250AA /* PBXTargetDependency */ = {
			isa = PBXTargetDependency;
			target = C3103C962C7FD6A200E250AA /* WeatherApp */;
			targetProxy = C3103CA82C7FD6A400E250AA /* PBXContainerItemProxy */;
		};
		C3103CB32C7FD6A400E250AA /* PBXTargetDependency */ = {
			isa = PBXTargetDependency;
			target = C3103C962C7FD6A200E250AA /* WeatherApp */;
			targetProxy = C3103CB22C7FD6A400E250AA /* PBXContainerItemProxy */;
		};
/* End PBXTargetDependency section */

/* Begin XCBuildConfiguration section */
		C3103CB92C7FD6A400E250AA /* Debug */ = {
			isa = XCBuildConfiguration;
			buildSettings = {
				ALWAYS_SEARCH_USER_PATHS = NO;
				ASSETCATALOG_COMPILER_GENERATE_SWIFT_ASSET_SYMBOL_EXTENSIONS = YES;
				CLANG_ANALYZER_NONNULL = YES;
				CLANG_ANALYZER_NUMBER_OBJECT_CONVERSION = YES_AGGRESSIVE;
				CLANG_CXX_LANGUAGE_STANDARD = "gnu++20";
				CLANG_ENABLE_MODULES = YES;
				CLANG_ENABLE_OBJC_ARC = YES;
				CLANG_ENABLE_OBJC_WEAK = YES;
				CLANG_WARN_BLOCK_CAPTURE_AUTORELEASING = YES;
				CLANG_WARN_BOOL_CONVERSION = YES;
				CLANG_WARN_COMMA = YES;
				CLANG_WARN_CONSTANT_CONVERSION = YES;
				CLANG_WARN_DEPRECATED_OBJC_IMPLEMENTATIONS = YES;
				CLANG_WARN_DIRECT_OBJC_ISA_USAGE = YES_ERROR;
				CLANG_WARN_DOCUMENTATION_COMMENTS = YES;
				CLANG_WARN_EMPTY_BODY = YES;
				CLANG_WARN_ENUM_CONVERSION = YES;
				CLANG_WARN_INFINITE_RECURSION = YES;
				CLANG_WARN_INT_CONVERSION = YES;
				CLANG_WARN_NON_LITERAL_NULL_CONVERSION = YES;
				CLANG_WARN_OBJC_IMPLICIT_RETAIN_SELF = YES;
				CLANG_WARN_OBJC_LITERAL_CONVERSION = YES;
				CLANG_WARN_OBJC_ROOT_CLASS = YES_ERROR;
				CLANG_WARN_QUOTED_INCLUDE_IN_FRAMEWORK_HEADER = YES;
				CLANG_WARN_RANGE_LOOP_ANALYSIS = YES;
				CLANG_WARN_STRICT_PROTOTYPES = YES;
				CLANG_WARN_SUSPICIOUS_MOVE = YES;
				CLANG_WARN_UNGUARDED_AVAILABILITY = YES_AGGRESSIVE;
				CLANG_WARN_UNREACHABLE_CODE = YES;
				CLANG_WARN__DUPLICATE_METHOD_MATCH = YES;
				COPY_PHASE_STRIP = NO;
				DEBUG_INFORMATION_FORMAT = dwarf;
				ENABLE_STRICT_OBJC_MSGSEND = YES;
				ENABLE_TESTABILITY = YES;
				ENABLE_USER_SCRIPT_SANDBOXING = YES;
				GCC_C_LANGUAGE_STANDARD = gnu17;
				GCC_DYNAMIC_NO_PIC = NO;
				GCC_NO_COMMON_BLOCKS = YES;
				GCC_OPTIMIZATION_LEVEL = 0;
				GCC_PREPROCESSOR_DEFINITIONS = (
					"DEBUG=1",
					"$(inherited)",
				);
				GCC_WARN_64_TO_32_BIT_CONVERSION = YES;
				GCC_WARN_ABOUT_RETURN_TYPE = YES_ERROR;
				GCC_WARN_UNDECLARED_SELECTOR = YES;
				GCC_WARN_UNINITIALIZED_AUTOS = YES_AGGRESSIVE;
				GCC_WARN_UNUSED_FUNCTION = YES;
				GCC_WARN_UNUSED_VARIABLE = YES;
				IPHONEOS_DEPLOYMENT_TARGET = 17.0;
				LOCALIZATION_PREFERS_STRING_CATALOGS = YES;
				MTL_ENABLE_DEBUG_INFO = INCLUDE_SOURCE;
				MTL_FAST_MATH = YES;
				ONLY_ACTIVE_ARCH = YES;
				SDKROOT = iphoneos;
				SWIFT_ACTIVE_COMPILATION_CONDITIONS = "DEBUG $(inherited)";
				SWIFT_OPTIMIZATION_LEVEL = "-Onone";
			};
			name = Debug;
		};
		C3103CBA2C7FD6A400E250AA /* Release */ = {
			isa = XCBuildConfiguration;
			buildSettings = {
				ALWAYS_SEARCH_USER_PATHS = NO;
				ASSETCATALOG_COMPILER_GENERATE_SWIFT_ASSET_SYMBOL_EXTENSIONS = YES;
				CLANG_ANALYZER_NONNULL = YES;
				CLANG_ANALYZER_NUMBER_OBJECT_CONVERSION = YES_AGGRESSIVE;
				CLANG_CXX_LANGUAGE_STANDARD = "gnu++20";
				CLANG_ENABLE_MODULES = YES;
				CLANG_ENABLE_OBJC_ARC = YES;
				CLANG_ENABLE_OBJC_WEAK = YES;
				CLANG_WARN_BLOCK_CAPTURE_AUTORELEASING = YES;
				CLANG_WARN_BOOL_CONVERSION = YES;
				CLANG_WARN_COMMA = YES;
				CLANG_WARN_CONSTANT_CONVERSION = YES;
				CLANG_WARN_DEPRECATED_OBJC_IMPLEMENTATIONS = YES;
				CLANG_WARN_DIRECT_OBJC_ISA_USAGE = YES_ERROR;
				CLANG_WARN_DOCUMENTATION_COMMENTS = YES;
				CLANG_WARN_EMPTY_BODY = YES;
				CLANG_WARN_ENUM_CONVERSION = YES;
				CLANG_WARN_INFINITE_RECURSION = YES;
				CLANG_WARN_INT_CONVERSION = YES;
				CLANG_WARN_NON_LITERAL_NULL_CONVERSION = YES;
				CLANG_WARN_OBJC_IMPLICIT_RETAIN_SELF = YES;
				CLANG_WARN_OBJC_LITERAL_CONVERSION = YES;
				CLANG_WARN_OBJC_ROOT_CLASS = YES_ERROR;
				CLANG_WARN_QUOTED_INCLUDE_IN_FRAMEWORK_HEADER = YES;
				CLANG_WARN_RANGE_LOOP_ANALYSIS = YES;
				CLANG_WARN_STRICT_PROTOTYPES = YES;
				CLANG_WARN_SUSPICIOUS_MOVE = YES;
				CLANG_WARN_UNGUARDED_AVAILABILITY = YES_AGGRESSIVE;
				CLANG_WARN_UNREACHABLE_CODE = YES;
				CLANG_WARN__DUPLICATE_METHOD_MATCH = YES;
				COPY_PHASE_STRIP = NO;
				DEBUG_INFORMATION_FORMAT = "dwarf-with-dsym";
				ENABLE_NS_ASSERTIONS = NO;
				ENABLE_STRICT_OBJC_MSGSEND = YES;
				ENABLE_USER_SCRIPT_SANDBOXING = YES;
				GCC_C_LANGUAGE_STANDARD = gnu17;
				GCC_NO_COMMON_BLOCKS = YES;
				GCC_WARN_64_TO_32_BIT_CONVERSION = YES;
				GCC_WARN_ABOUT_RETURN_TYPE = YES_ERROR;
				GCC_WARN_UNDECLARED_SELECTOR = YES;
				GCC_WARN_UNINITIALIZED_AUTOS = YES_AGGRESSIVE;
				GCC_WARN_UNUSED_FUNCTION = YES;
				GCC_WARN_UNUSED_VARIABLE = YES;
				IPHONEOS_DEPLOYMENT_TARGET = 17.0;
				LOCALIZATION_PREFERS_STRING_CATALOGS = YES;
				MTL_ENABLE_DEBUG_INFO = NO;
				MTL_FAST_MATH = YES;
				SDKROOT = iphoneos;
				SWIFT_COMPILATION_MODE = wholemodule;
				VALIDATE_PRODUCT = YES;
			};
			name = Release;
		};
		C3103CBC2C7FD6A400E250AA /* Debug */ = {
			isa = XCBuildConfiguration;
			buildSettings = {
				ASSETCATALOG_COMPILER_APPICON_NAME = AppIcon;
				ASSETCATALOG_COMPILER_GLOBAL_ACCENT_COLOR_NAME = AccentColor;
				CODE_SIGN_STYLE = Automatic;
				CURRENT_PROJECT_VERSION = 1;
				DEVELOPMENT_ASSET_PATHS = "\"WeatherApp/Preview Content\"";
				DEVELOPMENT_TEAM = 4LVGK2YDUW;
				ENABLE_PREVIEWS = YES;
				GENERATE_INFOPLIST_FILE = YES;
				INFOPLIST_KEY_NSLocationWhenInUseUsageDescription = "The app requests When in Use authorization.";
				INFOPLIST_KEY_UIApplicationSceneManifest_Generation = YES;
				INFOPLIST_KEY_UIApplicationSupportsIndirectInputEvents = YES;
				INFOPLIST_KEY_UILaunchScreen_Generation = YES;
				INFOPLIST_KEY_UISupportedInterfaceOrientations_iPad = "UIInterfaceOrientationPortrait UIInterfaceOrientationPortraitUpsideDown UIInterfaceOrientationLandscapeLeft UIInterfaceOrientationLandscapeRight";
				INFOPLIST_KEY_UISupportedInterfaceOrientations_iPhone = "UIInterfaceOrientationPortrait UIInterfaceOrientationLandscapeLeft UIInterfaceOrientationLandscapeRight";
				LD_RUNPATH_SEARCH_PATHS = (
					"$(inherited)",
					"@executable_path/Frameworks",
				);
				MARKETING_VERSION = 1.0;
				PRODUCT_BUNDLE_IDENTIFIER = kp.WeatherApp;
				PRODUCT_NAME = "$(TARGET_NAME)";
				SWIFT_EMIT_LOC_STRINGS = YES;
				SWIFT_VERSION = 5.0;
				TARGETED_DEVICE_FAMILY = "1,2";
			};
			name = Debug;
		};
		C3103CBD2C7FD6A400E250AA /* Release */ = {
			isa = XCBuildConfiguration;
			buildSettings = {
				ASSETCATALOG_COMPILER_APPICON_NAME = AppIcon;
				ASSETCATALOG_COMPILER_GLOBAL_ACCENT_COLOR_NAME = AccentColor;
				CODE_SIGN_STYLE = Automatic;
				CURRENT_PROJECT_VERSION = 1;
				DEVELOPMENT_ASSET_PATHS = "\"WeatherApp/Preview Content\"";
				DEVELOPMENT_TEAM = 4LVGK2YDUW;
				ENABLE_PREVIEWS = YES;
				GENERATE_INFOPLIST_FILE = YES;
				INFOPLIST_KEY_NSLocationWhenInUseUsageDescription = "The app requests When in Use authorization.";
				INFOPLIST_KEY_UIApplicationSceneManifest_Generation = YES;
				INFOPLIST_KEY_UIApplicationSupportsIndirectInputEvents = YES;
				INFOPLIST_KEY_UILaunchScreen_Generation = YES;
				INFOPLIST_KEY_UISupportedInterfaceOrientations_iPad = "UIInterfaceOrientationPortrait UIInterfaceOrientationPortraitUpsideDown UIInterfaceOrientationLandscapeLeft UIInterfaceOrientationLandscapeRight";
				INFOPLIST_KEY_UISupportedInterfaceOrientations_iPhone = "UIInterfaceOrientationPortrait UIInterfaceOrientationLandscapeLeft UIInterfaceOrientationLandscapeRight";
				LD_RUNPATH_SEARCH_PATHS = (
					"$(inherited)",
					"@executable_path/Frameworks",
				);
				MARKETING_VERSION = 1.0;
				PRODUCT_BUNDLE_IDENTIFIER = kp.WeatherApp;
				PRODUCT_NAME = "$(TARGET_NAME)";
				SWIFT_EMIT_LOC_STRINGS = YES;
				SWIFT_VERSION = 5.0;
				TARGETED_DEVICE_FAMILY = "1,2";
			};
			name = Release;
		};
		C3103CBF2C7FD6A400E250AA /* Debug */ = {
			isa = XCBuildConfiguration;
			buildSettings = {
				ALWAYS_EMBED_SWIFT_STANDARD_LIBRARIES = YES;
				BUNDLE_LOADER = "$(TEST_HOST)";
				CODE_SIGN_STYLE = Automatic;
				CURRENT_PROJECT_VERSION = 1;
				DEVELOPMENT_TEAM = 6KBX2U5F58;
				GENERATE_INFOPLIST_FILE = YES;
				IPHONEOS_DEPLOYMENT_TARGET = 17.0;
				MARKETING_VERSION = 1.0;
				PRODUCT_BUNDLE_IDENTIFIER = pk.WeatherAppTests;
				PRODUCT_NAME = "$(TARGET_NAME)";
				SWIFT_EMIT_LOC_STRINGS = NO;
				SWIFT_VERSION = 5.0;
				TARGETED_DEVICE_FAMILY = "1,2";
				TEST_HOST = "$(BUILT_PRODUCTS_DIR)/WeatherApp.app/$(BUNDLE_EXECUTABLE_FOLDER_PATH)/WeatherApp";
			};
			name = Debug;
		};
		C3103CC02C7FD6A400E250AA /* Release */ = {
			isa = XCBuildConfiguration;
			buildSettings = {
				ALWAYS_EMBED_SWIFT_STANDARD_LIBRARIES = YES;
				BUNDLE_LOADER = "$(TEST_HOST)";
				CODE_SIGN_STYLE = Automatic;
				CURRENT_PROJECT_VERSION = 1;
				DEVELOPMENT_TEAM = 6KBX2U5F58;
				GENERATE_INFOPLIST_FILE = YES;
				IPHONEOS_DEPLOYMENT_TARGET = 17.0;
				MARKETING_VERSION = 1.0;
				PRODUCT_BUNDLE_IDENTIFIER = pk.WeatherAppTests;
				PRODUCT_NAME = "$(TARGET_NAME)";
				SWIFT_EMIT_LOC_STRINGS = NO;
				SWIFT_VERSION = 5.0;
				TARGETED_DEVICE_FAMILY = "1,2";
				TEST_HOST = "$(BUILT_PRODUCTS_DIR)/WeatherApp.app/$(BUNDLE_EXECUTABLE_FOLDER_PATH)/WeatherApp";
			};
			name = Release;
		};
		C3103CC22C7FD6A400E250AA /* Debug */ = {
			isa = XCBuildConfiguration;
			buildSettings = {
				ALWAYS_EMBED_SWIFT_STANDARD_LIBRARIES = YES;
				CODE_SIGN_STYLE = Automatic;
				CURRENT_PROJECT_VERSION = 1;
				DEVELOPMENT_TEAM = 6KBX2U5F58;
				GENERATE_INFOPLIST_FILE = YES;
				MARKETING_VERSION = 1.0;
				PRODUCT_BUNDLE_IDENTIFIER = pk.WeatherAppUITests;
				PRODUCT_NAME = "$(TARGET_NAME)";
				SWIFT_EMIT_LOC_STRINGS = NO;
				SWIFT_VERSION = 5.0;
				TARGETED_DEVICE_FAMILY = "1,2";
				TEST_TARGET_NAME = WeatherApp;
			};
			name = Debug;
		};
		C3103CC32C7FD6A400E250AA /* Release */ = {
			isa = XCBuildConfiguration;
			buildSettings = {
				ALWAYS_EMBED_SWIFT_STANDARD_LIBRARIES = YES;
				CODE_SIGN_STYLE = Automatic;
				CURRENT_PROJECT_VERSION = 1;
				DEVELOPMENT_TEAM = 6KBX2U5F58;
				GENERATE_INFOPLIST_FILE = YES;
				MARKETING_VERSION = 1.0;
				PRODUCT_BUNDLE_IDENTIFIER = pk.WeatherAppUITests;
				PRODUCT_NAME = "$(TARGET_NAME)";
				SWIFT_EMIT_LOC_STRINGS = NO;
				SWIFT_VERSION = 5.0;
				TARGETED_DEVICE_FAMILY = "1,2";
				TEST_TARGET_NAME = WeatherApp;
			};
			name = Release;
		};
/* End XCBuildConfiguration section */

/* Begin XCConfigurationList section */
		C3103C922C7FD6A200E250AA /* Build configuration list for PBXProject "WeatherApp" */ = {
			isa = XCConfigurationList;
			buildConfigurations = (
				C3103CB92C7FD6A400E250AA /* Debug */,
				C3103CBA2C7FD6A400E250AA /* Release */,
			);
			defaultConfigurationIsVisible = 0;
			defaultConfigurationName = Release;
		};
		C3103CBB2C7FD6A400E250AA /* Build configuration list for PBXNativeTarget "WeatherApp" */ = {
			isa = XCConfigurationList;
			buildConfigurations = (
				C3103CBC2C7FD6A400E250AA /* Debug */,
				C3103CBD2C7FD6A400E250AA /* Release */,
			);
			defaultConfigurationIsVisible = 0;
			defaultConfigurationName = Release;
		};
		C3103CBE2C7FD6A400E250AA /* Build configuration list for PBXNativeTarget "WeatherAppTests" */ = {
			isa = XCConfigurationList;
			buildConfigurations = (
				C3103CBF2C7FD6A400E250AA /* Debug */,
				C3103CC02C7FD6A400E250AA /* Release */,
			);
			defaultConfigurationIsVisible = 0;
			defaultConfigurationName = Release;
		};
		C3103CC12C7FD6A400E250AA /* Build configuration list for PBXNativeTarget "WeatherAppUITests" */ = {
			isa = XCConfigurationList;
			buildConfigurations = (
				C3103CC22C7FD6A400E250AA /* Debug */,
				C3103CC32C7FD6A400E250AA /* Release */,
			);
			defaultConfigurationIsVisible = 0;
			defaultConfigurationName = Release;
		};
/* End XCConfigurationList section */
	};
	rootObject = C3103C8F2C7FD6A200E250AA /* Project object */;
}
